
Microsoft Visual Studio Solution File, Format Version 12.00
Project("{F2A71F9B-5D33-465A-A702-920D77279786}") = "calculator", "calculator\calculator.fsproj", "{703C0626-BB9F-43DE-926B-9C3A27C8BC9D}"
EndProject
Global
	GlobalSection(SolutionConfigurationPlatforms) = preSolution
		Debug|Any CPU = Debug|Any CPU
		Release|Any CPU = Release|Any CPU
	EndGlobalSection
	GlobalSection(ProjectConfigurationPlatforms) = postSolution
		{703C0626-BB9F-43DE-926B-9C3A27C8BC9D}.Debug|Any CPU.ActiveCfg = Debug|Any CPU
		{703C0626-BB9F-43DE-926B-9C3A27C8BC9D}.Debug|Any CPU.Build.0 = Debug|Any CPU
		{703C0626-BB9F-43DE-926B-9C3A27C8BC9D}.Release|Any CPU.ActiveCfg = Release|Any CPU
		{703C0626-BB9F-43DE-926B-9C3A27C8BC9D}.Release|Any CPU.Build.0 = Release|Any CPU
	EndGlobalSection
EndGlobal
